
Microsoft Visual Studio Solution File, Format Version 12.00
# Visual Studio Version 17
VisualStudioVersion = 17.0.31903.59
MinimumVisualStudioVersion = 10.0.40219.1
Project("{2150E333-8FDC-42A3-9474-1A3956D46DE8}") = "src", "src", "{827E0CD3-B72D-47B6-A68D-7590B98EB39B}"
EndProject
Project("{FAE04EC0-301F-11D3-BF4B-00C04F79EFBC}") = "DispatcherApp.API", "src\DispatcherApp.API\DispatcherApp.API.csproj", "{5E2CFEB5-BCD0-463C-B1A7-DAC2AB0FAC47}"
	ProjectSection(ProjectDependencies) = postProject
		{917599D3-3632-47A5-807D-D0170F3E09A2} = {917599D3-3632-47A5-807D-D0170F3E09A2}
	EndProjectSection
EndProject
Project("{FAE04EC0-301F-11D3-BF4B-00C04F79EFBC}") = "DispatcherApp.BLL", "src\DispatcherApp.BLL\DispatcherApp.BLL.csproj", "{917599D3-3632-47A5-807D-D0170F3E09A2}"
	ProjectSection(ProjectDependencies) = postProject
		{88F8ADFC-51CA-41BC-968D-BCE2D5A9BD9B} = {88F8ADFC-51CA-41BC-968D-BCE2D5A9BD9B}
	EndProjectSection
EndProject
Project("{FAE04EC0-301F-11D3-BF4B-00C04F79EFBC}") = "DispatcherApp.DAL", "src\DispatcherApp.DAL\DispatcherApp.DAL.csproj", "{88F8ADFC-51CA-41BC-968D-BCE2D5A9BD9B}"
	ProjectSection(ProjectDependencies) = postProject
		{1A4CC302-0CF4-4746-B74A-125FC706F7F6} = {1A4CC302-0CF4-4746-B74A-125FC706F7F6}
	EndProjectSection
EndProject
Project("{FAE04EC0-301F-11D3-BF4B-00C04F79EFBC}") = "DispatcherApp.Common", "src\DispatcherApp.Models\DispatcherApp.Common.csproj", "{1A4CC302-0CF4-4746-B74A-125FC706F7F6}"
EndProject
Project("{2150E333-8FDC-42A3-9474-1A3956D46DE8}") = "test", "test", "{0C88DD14-F956-CE84-757C-A364CCF449FC}"
EndProject
Project("{FAE04EC0-301F-11D3-BF4B-00C04F79EFBC}") = "DispatcherApp.Tests", "test\DispatcherApp.Tests\DispatcherApp.Tests.csproj", "{9164F3A0-7DBF-4868-82D5-0E48BBE4C7C6}"
	ProjectSection(ProjectDependencies) = postProject
		{1A4CC302-0CF4-4746-B74A-125FC706F7F6} = {1A4CC302-0CF4-4746-B74A-125FC706F7F6}
		{88F8ADFC-51CA-41BC-968D-BCE2D5A9BD9B} = {88F8ADFC-51CA-41BC-968D-BCE2D5A9BD9B}
		{917599D3-3632-47A5-807D-D0170F3E09A2} = {917599D3-3632-47A5-807D-D0170F3E09A2}
	EndProjectSection
EndProject
Project("{2150E333-8FDC-42A3-9474-1A3956D46DE8}") = "Documentation", "Documentation", "{02EA681E-C7D8-13C7-8484-4AC65E1B71E8}"
	ProjectSection(SolutionItems) = preProject
		docs\progress.md = docs\progress.md
		README.md = README.md
	EndProjectSection
EndProject
Project("{2150E333-8FDC-42A3-9474-1A3956D46DE8}") = "Project Items", "Project Items", "{DFC13EED-DE1E-485A-86DB-ADD97B8CE258}"
	ProjectSection(SolutionItems) = preProject
		.editorconfig = .editorconfig
		.gitattributes = .gitattributes
		.gitignore = .gitignore
		Directory.Build.props = Directory.Build.props
		Directory.Packages.props = Directory.Packages.props
	EndProjectSection
EndProject
Project("{54A90642-561A-4BB1-A94E-469ADEE60C69}") = "frontend-app", "src\frontend-app\frontend-app.esproj", "{6CADF96A-EC26-3B15-F2FF-B5891A230EA6}"
	ProjectSection(ProjectDependencies) = postProject
		{5E2CFEB5-BCD0-463C-B1A7-DAC2AB0FAC47} = {5E2CFEB5-BCD0-463C-B1A7-DAC2AB0FAC47}
	EndProjectSection
EndProject
Global
	GlobalSection(SolutionConfigurationPlatforms) = preSolution
		Debug|Any CPU = Debug|Any CPU
		Debug|x64 = Debug|x64
		Debug|x86 = Debug|x86
		Release|Any CPU = Release|Any CPU
		Release|x64 = Release|x64
		Release|x86 = Release|x86
	EndGlobalSection
	GlobalSection(ProjectConfigurationPlatforms) = postSolution
		{5E2CFEB5-BCD0-463C-B1A7-DAC2AB0FAC47}.Debug|Any CPU.ActiveCfg = Debug|Any CPU
		{5E2CFEB5-BCD0-463C-B1A7-DAC2AB0FAC47}.Debug|Any CPU.Build.0 = Debug|Any CPU
		{5E2CFEB5-BCD0-463C-B1A7-DAC2AB0FAC47}.Debug|x64.ActiveCfg = Debug|Any CPU
		{5E2CFEB5-BCD0-463C-B1A7-DAC2AB0FAC47}.Debug|x64.Build.0 = Debug|Any CPU
		{5E2CFEB5-BCD0-463C-B1A7-DAC2AB0FAC47}.Debug|x86.ActiveCfg = Debug|Any CPU
		{5E2CFEB5-BCD0-463C-B1A7-DAC2AB0FAC47}.Debug|x86.Build.0 = Debug|Any CPU
		{5E2CFEB5-BCD0-463C-B1A7-DAC2AB0FAC47}.Release|Any CPU.ActiveCfg = Release|Any CPU
		{5E2CFEB5-BCD0-463C-B1A7-DAC2AB0FAC47}.Release|Any CPU.Build.0 = Release|Any CPU
		{5E2CFEB5-BCD0-463C-B1A7-DAC2AB0FAC47}.Release|x64.ActiveCfg = Release|Any CPU
		{5E2CFEB5-BCD0-463C-B1A7-DAC2AB0FAC47}.Release|x64.Build.0 = Release|Any CPU
		{5E2CFEB5-BCD0-463C-B1A7-DAC2AB0FAC47}.Release|x86.ActiveCfg = Release|Any CPU
		{5E2CFEB5-BCD0-463C-B1A7-DAC2AB0FAC47}.Release|x86.Build.0 = Release|Any CPU
		{917599D3-3632-47A5-807D-D0170F3E09A2}.Debug|Any CPU.ActiveCfg = Debug|Any CPU
		{917599D3-3632-47A5-807D-D0170F3E09A2}.Debug|Any CPU.Build.0 = Debug|Any CPU
		{917599D3-3632-47A5-807D-D0170F3E09A2}.Debug|x64.ActiveCfg = Debug|Any CPU
		{917599D3-3632-47A5-807D-D0170F3E09A2}.Debug|x64.Build.0 = Debug|Any CPU
		{917599D3-3632-47A5-807D-D0170F3E09A2}.Debug|x86.ActiveCfg = Debug|Any CPU
		{917599D3-3632-47A5-807D-D0170F3E09A2}.Debug|x86.Build.0 = Debug|Any CPU
		{917599D3-3632-47A5-807D-D0170F3E09A2}.Release|Any CPU.ActiveCfg = Release|Any CPU
		{917599D3-3632-47A5-807D-D0170F3E09A2}.Release|Any CPU.Build.0 = Release|Any CPU
		{917599D3-3632-47A5-807D-D0170F3E09A2}.Release|x64.ActiveCfg = Release|Any CPU
		{917599D3-3632-47A5-807D-D0170F3E09A2}.Release|x64.Build.0 = Release|Any CPU
		{917599D3-3632-47A5-807D-D0170F3E09A2}.Release|x86.ActiveCfg = Release|Any CPU
		{917599D3-3632-47A5-807D-D0170F3E09A2}.Release|x86.Build.0 = Release|Any CPU
		{88F8ADFC-51CA-41BC-968D-BCE2D5A9BD9B}.Debug|Any CPU.ActiveCfg = Debug|Any CPU
		{88F8ADFC-51CA-41BC-968D-BCE2D5A9BD9B}.Debug|Any CPU.Build.0 = Debug|Any CPU
		{88F8ADFC-51CA-41BC-968D-BCE2D5A9BD9B}.Debug|x64.ActiveCfg = Debug|Any CPU
		{88F8ADFC-51CA-41BC-968D-BCE2D5A9BD9B}.Debug|x64.Build.0 = Debug|Any CPU
		{88F8ADFC-51CA-41BC-968D-BCE2D5A9BD9B}.Debug|x86.ActiveCfg = Debug|Any CPU
		{88F8ADFC-51CA-41BC-968D-BCE2D5A9BD9B}.Debug|x86.Build.0 = Debug|Any CPU
		{88F8ADFC-51CA-41BC-968D-BCE2D5A9BD9B}.Release|Any CPU.ActiveCfg = Release|Any CPU
		{88F8ADFC-51CA-41BC-968D-BCE2D5A9BD9B}.Release|Any CPU.Build.0 = Release|Any CPU
		{88F8ADFC-51CA-41BC-968D-BCE2D5A9BD9B}.Release|x64.ActiveCfg = Release|Any CPU
		{88F8ADFC-51CA-41BC-968D-BCE2D5A9BD9B}.Release|x64.Build.0 = Release|Any CPU
		{88F8ADFC-51CA-41BC-968D-BCE2D5A9BD9B}.Release|x86.ActiveCfg = Release|Any CPU
		{88F8ADFC-51CA-41BC-968D-BCE2D5A9BD9B}.Release|x86.Build.0 = Release|Any CPU
		{1A4CC302-0CF4-4746-B74A-125FC706F7F6}.Debug|Any CPU.ActiveCfg = Debug|Any CPU
		{1A4CC302-0CF4-4746-B74A-125FC706F7F6}.Debug|Any CPU.Build.0 = Debug|Any CPU
		{1A4CC302-0CF4-4746-B74A-125FC706F7F6}.Debug|x64.ActiveCfg = Debug|Any CPU
		{1A4CC302-0CF4-4746-B74A-125FC706F7F6}.Debug|x64.Build.0 = Debug|Any CPU
		{1A4CC302-0CF4-4746-B74A-125FC706F7F6}.Debug|x86.ActiveCfg = Debug|Any CPU
		{1A4CC302-0CF4-4746-B74A-125FC706F7F6}.Debug|x86.Build.0 = Debug|Any CPU
		{1A4CC302-0CF4-4746-B74A-125FC706F7F6}.Release|Any CPU.ActiveCfg = Release|Any CPU
		{1A4CC302-0CF4-4746-B74A-125FC706F7F6}.Release|Any CPU.Build.0 = Release|Any CPU
		{1A4CC302-0CF4-4746-B74A-125FC706F7F6}.Release|x64.ActiveCfg = Release|Any CPU
		{1A4CC302-0CF4-4746-B74A-125FC706F7F6}.Release|x64.Build.0 = Release|Any CPU
		{1A4CC302-0CF4-4746-B74A-125FC706F7F6}.Release|x86.ActiveCfg = Release|Any CPU
		{1A4CC302-0CF4-4746-B74A-125FC706F7F6}.Release|x86.Build.0 = Release|Any CPU
		{9164F3A0-7DBF-4868-82D5-0E48BBE4C7C6}.Debug|Any CPU.ActiveCfg = Debug|Any CPU
		{9164F3A0-7DBF-4868-82D5-0E48BBE4C7C6}.Debug|Any CPU.Build.0 = Debug|Any CPU
		{9164F3A0-7DBF-4868-82D5-0E48BBE4C7C6}.Debug|x64.ActiveCfg = Debug|Any CPU
		{9164F3A0-7DBF-4868-82D5-0E48BBE4C7C6}.Debug|x64.Build.0 = Debug|Any CPU
		{9164F3A0-7DBF-4868-82D5-0E48BBE4C7C6}.Debug|x86.ActiveCfg = Debug|Any CPU
		{9164F3A0-7DBF-4868-82D5-0E48BBE4C7C6}.Debug|x86.Build.0 = Debug|Any CPU
		{9164F3A0-7DBF-4868-82D5-0E48BBE4C7C6}.Release|Any CPU.ActiveCfg = Release|Any CPU
		{9164F3A0-7DBF-4868-82D5-0E48BBE4C7C6}.Release|Any CPU.Build.0 = Release|Any CPU
		{9164F3A0-7DBF-4868-82D5-0E48BBE4C7C6}.Release|x64.ActiveCfg = Release|Any CPU
		{9164F3A0-7DBF-4868-82D5-0E48BBE4C7C6}.Release|x64.Build.0 = Release|Any CPU
		{9164F3A0-7DBF-4868-82D5-0E48BBE4C7C6}.Release|x86.ActiveCfg = Release|Any CPU
		{9164F3A0-7DBF-4868-82D5-0E48BBE4C7C6}.Release|x86.Build.0 = Release|Any CPU
		{6CADF96A-EC26-3B15-F2FF-B5891A230EA6}.Debug|Any CPU.ActiveCfg = Debug|Any CPU
		{6CADF96A-EC26-3B15-F2FF-B5891A230EA6}.Debug|Any CPU.Build.0 = Debug|Any CPU
		{6CADF96A-EC26-3B15-F2FF-B5891A230EA6}.Debug|Any CPU.Deploy.0 = Debug|Any CPU
		{6CADF96A-EC26-3B15-F2FF-B5891A230EA6}.Debug|x64.ActiveCfg = Debug|Any CPU
		{6CADF96A-EC26-3B15-F2FF-B5891A230EA6}.Debug|x64.Build.0 = Debug|Any CPU
		{6CADF96A-EC26-3B15-F2FF-B5891A230EA6}.Debug|x64.Deploy.0 = Debug|Any CPU
		{6CADF96A-EC26-3B15-F2FF-B5891A230EA6}.Debug|x86.ActiveCfg = Debug|Any CPU
		{6CADF96A-EC26-3B15-F2FF-B5891A230EA6}.Debug|x86.Build.0 = Debug|Any CPU
		{6CADF96A-EC26-3B15-F2FF-B5891A230EA6}.Debug|x86.Deploy.0 = Debug|Any CPU
		{6CADF96A-EC26-3B15-F2FF-B5891A230EA6}.Release|Any CPU.ActiveCfg = Release|Any CPU
		{6CADF96A-EC26-3B15-F2FF-B5891A230EA6}.Release|Any CPU.Build.0 = Release|Any CPU
		{6CADF96A-EC26-3B15-F2FF-B5891A230EA6}.Release|Any CPU.Deploy.0 = Release|Any CPU
		{6CADF96A-EC26-3B15-F2FF-B5891A230EA6}.Release|x64.ActiveCfg = Release|Any CPU
		{6CADF96A-EC26-3B15-F2FF-B5891A230EA6}.Release|x64.Build.0 = Release|Any CPU
		{6CADF96A-EC26-3B15-F2FF-B5891A230EA6}.Release|x64.Deploy.0 = Release|Any CPU
		{6CADF96A-EC26-3B15-F2FF-B5891A230EA6}.Release|x86.ActiveCfg = Release|Any CPU
		{6CADF96A-EC26-3B15-F2FF-B5891A230EA6}.Release|x86.Build.0 = Release|Any CPU
		{6CADF96A-EC26-3B15-F2FF-B5891A230EA6}.Release|x86.Deploy.0 = Release|Any CPU
	EndGlobalSection
	GlobalSection(SolutionProperties) = preSolution
		HideSolutionNode = FALSE
	EndGlobalSection
	GlobalSection(NestedProjects) = preSolution
		{5E2CFEB5-BCD0-463C-B1A7-DAC2AB0FAC47} = {827E0CD3-B72D-47B6-A68D-7590B98EB39B}
		{917599D3-3632-47A5-807D-D0170F3E09A2} = {827E0CD3-B72D-47B6-A68D-7590B98EB39B}
		{88F8ADFC-51CA-41BC-968D-BCE2D5A9BD9B} = {827E0CD3-B72D-47B6-A68D-7590B98EB39B}
		{1A4CC302-0CF4-4746-B74A-125FC706F7F6} = {827E0CD3-B72D-47B6-A68D-7590B98EB39B}
		{9164F3A0-7DBF-4868-82D5-0E48BBE4C7C6} = {0C88DD14-F956-CE84-757C-A364CCF449FC}
		{6CADF96A-EC26-3B15-F2FF-B5891A230EA6} = {827E0CD3-B72D-47B6-A68D-7590B98EB39B}
	EndGlobalSection
	GlobalSection(ExtensibilityGlobals) = postSolution
		SolutionGuid = {6648D4EA-5D11-4F92-B44D-AD140D84B57B}
	EndGlobalSection
EndGlobal
